
Microsoft Visual Studio Solution File, Format Version 12.00
# Visual Studio Version 17
VisualStudioVersion = 17.7.34018.315
MinimumVisualStudioVersion = 10.0.40219.1
Project("{8BC9CEB8-8B4A-11D0-8D11-00A0C91BC942}") = "Zadachi", "Zadachi\Zadachi.vcxproj", "{15285DFD-5A7F-45B2-BCD3-2A2B0C828341}"
EndProject
Project("{8BC9CEB8-8B4A-11D0-8D11-00A0C91BC942}") = "Z12", "Z12\Z12.vcxproj", "{7B0959C7-1189-4D4B-A0AE-6107955E67A2}"
EndProject
Project("{8BC9CEB8-8B4A-11D0-8D11-00A0C91BC942}") = "Search algorithms", "Search algorithms\Search algorithms.vcxproj", "{CAD12599-CEAD-49DE-8C0E-B390FB8AA3AA}"
EndProject
Project("{2150E333-8FDC-42A3-9474-1A3956D46DE8}") = "Search_Algorithms", "Search_Algorithms", "{16ABF966-0E6E-4039-9D2B-FE5393EBB946}"
EndProject
Project("{2150E333-8FDC-42A3-9474-1A3956D46DE8}") = "O_zadachi", "O_zadachi", "{D562A3BF-D3D0-482C-862A-0ED009211323}"
EndProject
Project("{8BC9CEB8-8B4A-11D0-8D11-00A0C91BC942}") = "O_1", "O_1\O_1.vcxproj", "{DF199431-AC6E-480C-92B5-852B93D99129}"
EndProject
Project("{8BC9CEB8-8B4A-11D0-8D11-00A0C91BC942}") = "O_2", "O_2\O_2.vcxproj", "{AB029F0E-2D76-4C8D-9456-1A007FC7D77E}"
EndProject
Project("{8BC9CEB8-8B4A-11D0-8D11-00A0C91BC942}") = "O_3", "O_3\O_3.vcxproj", "{8E43445C-7295-4990-BD65-47A0853BDA42}"
EndProject
Project("{8BC9CEB8-8B4A-11D0-8D11-00A0C91BC942}") = "O_4", "O_4\O_4.vcxproj", "{4EAF600B-C19F-45E5-B199-94FA6F4D453C}"
EndProject
Global
	GlobalSection(SolutionConfigurationPlatforms) = preSolution
		Debug|x64 = Debug|x64
		Debug|x86 = Debug|x86
		Release|x64 = Release|x64
		Release|x86 = Release|x86
	EndGlobalSection
	GlobalSection(ProjectConfigurationPlatforms) = postSolution
		{15285DFD-5A7F-45B2-BCD3-2A2B0C828341}.Debug|x64.ActiveCfg = Debug|x64
		{15285DFD-5A7F-45B2-BCD3-2A2B0C828341}.Debug|x64.Build.0 = Debug|x64
		{15285DFD-5A7F-45B2-BCD3-2A2B0C828341}.Debug|x86.ActiveCfg = Debug|Win32
		{15285DFD-5A7F-45B2-BCD3-2A2B0C828341}.Debug|x86.Build.0 = Debug|Win32
		{15285DFD-5A7F-45B2-BCD3-2A2B0C828341}.Release|x64.ActiveCfg = Release|x64
		{15285DFD-5A7F-45B2-BCD3-2A2B0C828341}.Release|x64.Build.0 = Release|x64
		{15285DFD-5A7F-45B2-BCD3-2A2B0C828341}.Release|x86.ActiveCfg = Release|Win32
		{15285DFD-5A7F-45B2-BCD3-2A2B0C828341}.Release|x86.Build.0 = Release|Win32
		{7B0959C7-1189-4D4B-A0AE-6107955E67A2}.Debug|x64.ActiveCfg = Debug|x64
		{7B0959C7-1189-4D4B-A0AE-6107955E67A2}.Debug|x64.Build.0 = Debug|x64
		{7B0959C7-1189-4D4B-A0AE-6107955E67A2}.Debug|x86.ActiveCfg = Debug|Win32
		{7B0959C7-1189-4D4B-A0AE-6107955E67A2}.Debug|x86.Build.0 = Debug|Win32
		{7B0959C7-1189-4D4B-A0AE-6107955E67A2}.Release|x64.ActiveCfg = Release|x64
		{7B0959C7-1189-4D4B-A0AE-6107955E67A2}.Release|x64.Build.0 = Release|x64
		{7B0959C7-1189-4D4B-A0AE-6107955E67A2}.Release|x86.ActiveCfg = Release|Win32
		{7B0959C7-1189-4D4B-A0AE-6107955E67A2}.Release|x86.Build.0 = Release|Win32
		{CAD12599-CEAD-49DE-8C0E-B390FB8AA3AA}.Debug|x64.ActiveCfg = Debug|x64
		{CAD12599-CEAD-49DE-8C0E-B390FB8AA3AA}.Debug|x64.Build.0 = Debug|x64
		{CAD12599-CEAD-49DE-8C0E-B390FB8AA3AA}.Debug|x86.ActiveCfg = Debug|Win32
		{CAD12599-CEAD-49DE-8C0E-B390FB8AA3AA}.Debug|x86.Build.0 = Debug|Win32
		{CAD12599-CEAD-49DE-8C0E-B390FB8AA3AA}.Release|x64.ActiveCfg = Release|x64
		{CAD12599-CEAD-49DE-8C0E-B390FB8AA3AA}.Release|x64.Build.0 = Release|x64
		{CAD12599-CEAD-49DE-8C0E-B390FB8AA3AA}.Release|x86.ActiveCfg = Release|Win32
		{CAD12599-CEAD-49DE-8C0E-B390FB8AA3AA}.Release|x86.Build.0 = Release|Win32
		{DF199431-AC6E-480C-92B5-852B93D99129}.Debug|x64.ActiveCfg = Debug|x64
		{DF199431-AC6E-480C-92B5-852B93D99129}.Debug|x64.Build.0 = Debug|x64
		{DF199431-AC6E-480C-92B5-852B93D99129}.Debug|x86.ActiveCfg = Debug|Win32
		{DF199431-AC6E-480C-92B5-852B93D99129}.Debug|x86.Build.0 = Debug|Win32
		{DF199431-AC6E-480C-92B5-852B93D99129}.Release|x64.ActiveCfg = Release|x64
		{DF199431-AC6E-480C-92B5-852B93D99129}.Release|x64.Build.0 = Release|x64
		{DF199431-AC6E-480C-92B5-852B93D99129}.Release|x86.ActiveCfg = Release|Win32
		{DF199431-AC6E-480C-92B5-852B93D99129}.Release|x86.Build.0 = Release|Win32
		{AB029F0E-2D76-4C8D-9456-1A007FC7D77E}.Debug|x64.ActiveCfg = Debug|x64
		{AB029F0E-2D76-4C8D-9456-1A007FC7D77E}.Debug|x64.Build.0 = Debug|x64
		{AB029F0E-2D76-4C8D-9456-1A007FC7D77E}.Debug|x86.ActiveCfg = Debug|Win32
		{AB029F0E-2D76-4C8D-9456-1A007FC7D77E}.Debug|x86.Build.0 = Debug|Win32
		{AB029F0E-2D76-4C8D-9456-1A007FC7D77E}.Release|x64.ActiveCfg = Release|x64
		{AB029F0E-2D76-4C8D-9456-1A007FC7D77E}.Release|x64.Build.0 = Release|x64
		{AB029F0E-2D76-4C8D-9456-1A007FC7D77E}.Release|x86.ActiveCfg = Release|Win32
		{AB029F0E-2D76-4C8D-9456-1A007FC7D77E}.Release|x86.Build.0 = Release|Win32
		{8E43445C-7295-4990-BD65-47A0853BDA42}.Debug|x64.ActiveCfg = Debug|x64
		{8E43445C-7295-4990-BD65-47A0853BDA42}.Debug|x64.Build.0 = Debug|x64
		{8E43445C-7295-4990-BD65-47A0853BDA42}.Debug|x86.ActiveCfg = Debug|Win32
		{8E43445C-7295-4990-BD65-47A0853BDA42}.Debug|x86.Build.0 = Debug|Win32
		{8E43445C-7295-4990-BD65-47A0853BDA42}.Release|x64.ActiveCfg = Release|x64
		{8E43445C-7295-4990-BD65-47A0853BDA42}.Release|x64.Build.0 = Release|x64
		{8E43445C-7295-4990-BD65-47A0853BDA42}.Release|x86.ActiveCfg = Release|Win32
		{8E43445C-7295-4990-BD65-47A0853BDA42}.Release|x86.Build.0 = Release|Win32
		{4EAF600B-C19F-45E5-B199-94FA6F4D453C}.Debug|x64.ActiveCfg = Debug|x64
		{4EAF600B-C19F-45E5-B199-94FA6F4D453C}.Debug|x64.Build.0 = Debug|x64
		{4EAF600B-C19F-45E5-B199-94FA6F4D453C}.Debug|x86.ActiveCfg = Debug|Win32
		{4EAF600B-C19F-45E5-B199-94FA6F4D453C}.Debug|x86.Build.0 = Debug|Win32
		{4EAF600B-C19F-45E5-B199-94FA6F4D453C}.Release|x64.ActiveCfg = Release|x64
		{4EAF600B-C19F-45E5-B199-94FA6F4D453C}.Release|x64.Build.0 = Release|x64
		{4EAF600B-C19F-45E5-B199-94FA6F4D453C}.Release|x86.ActiveCfg = Release|Win32
		{4EAF600B-C19F-45E5-B199-94FA6F4D453C}.Release|x86.Build.0 = Release|Win32
	EndGlobalSection
	GlobalSection(SolutionProperties) = preSolution
		HideSolutionNode = FALSE
	EndGlobalSection
	GlobalSection(NestedProjects) = preSolution
		{DF199431-AC6E-480C-92B5-852B93D99129} = {D562A3BF-D3D0-482C-862A-0ED009211323}
		{AB029F0E-2D76-4C8D-9456-1A007FC7D77E} = {D562A3BF-D3D0-482C-862A-0ED009211323}
		{8E43445C-7295-4990-BD65-47A0853BDA42} = {D562A3BF-D3D0-482C-862A-0ED009211323}
		{4EAF600B-C19F-45E5-B199-94FA6F4D453C} = {D562A3BF-D3D0-482C-862A-0ED009211323}
	EndGlobalSection
	GlobalSection(ExtensibilityGlobals) = postSolution
		SolutionGuid = {CFD183B8-563F-43A1-B026-638BE742ADE9}
	EndGlobalSection
EndGlobal
