
Microsoft Visual Studio Solution File, Format Version 12.00
# Visual Studio Version 17
VisualStudioVersion = 17.7.34018.315
MinimumVisualStudioVersion = 10.0.40219.1
Project("{8BC9CEB8-8B4A-11D0-8D11-00A0C91BC942}") = "Zadachi", "Zadachi\Zadachi.vcxproj", "{15285DFD-5A7F-45B2-BCD3-2A2B0C828341}"
EndProject
Project("{8BC9CEB8-8B4A-11D0-8D11-00A0C91BC942}") = "Z12", "Z12\Z12.vcxproj", "{7B0959C7-1189-4D4B-A0AE-6107955E67A2}"
EndProject
Project("{2150E333-8FDC-42A3-9474-1A3956D46DE8}") = "Search_Algorithms", "Search_Algorithms", "{16ABF966-0E6E-4039-9D2B-FE5393EBB946}"
EndProject
Project("{2150E333-8FDC-42A3-9474-1A3956D46DE8}") = "O_zadachi", "O_zadachi", "{D562A3BF-D3D0-482C-862A-0ED009211323}"
EndProject
Project("{8BC9CEB8-8B4A-11D0-8D11-00A0C91BC942}") = "O_1", "O_1\O_1.vcxproj", "{DF199431-AC6E-480C-92B5-852B93D99129}"
EndProject
Project("{8BC9CEB8-8B4A-11D0-8D11-00A0C91BC942}") = "O_2", "O_2\O_2.vcxproj", "{AB029F0E-2D76-4C8D-9456-1A007FC7D77E}"
EndProject
Project("{8BC9CEB8-8B4A-11D0-8D11-00A0C91BC942}") = "O_3", "O_3\O_3.vcxproj", "{8E43445C-7295-4990-BD65-47A0853BDA42}"
EndProject
Project("{8BC9CEB8-8B4A-11D0-8D11-00A0C91BC942}") = "O_4", "O_4\O_4.vcxproj", "{4EAF600B-C19F-45E5-B199-94FA6F4D453C}"
EndProject
Project("{2150E333-8FDC-42A3-9474-1A3956D46DE8}") = "Struct", "Struct", "{EF07CB09-7762-4FBB-A680-06A029E8893E}"
EndProject
Project("{8BC9CEB8-8B4A-11D0-8D11-00A0C91BC942}") = "Heap", "Heap\Heap.vcxproj", "{C6CA1E05-E9F2-4B11-ACA6-66394E81FC33}"
EndProject
Project("{9A19103F-16F7-4668-BE54-9A1E7A4F7556}") = "Heap_C#", "Heap_C#\Heap_C#.csproj", "{06751FB3-A79B-40D0-95EF-81EA8BAD0117}"
EndProject
Project("{9A19103F-16F7-4668-BE54-9A1E7A4F7556}") = "Z121", "Z121\Z121.csproj", "{CF45B471-DC1B-48D7-9988-BC0512885CAD}"
EndProject
Project("{8BC9CEB8-8B4A-11D0-8D11-00A0C91BC942}") = "Test_O4", "Test_O4\Test_O4.vcxproj", "{F08B27A3-9C6F-4804-BB62-D44CA7C29DEC}"
EndProject
Project("{8BC9CEB8-8B4A-11D0-8D11-00A0C91BC942}") = "Shablon_dli_zadach", "Shablon_dli_zadach\Shablon_dli_zadach.vcxproj", "{8E6EFAA0-0303-4DB2-82BF-2EC22FA1078E}"
EndProject
Project("{8BC9CEB8-8B4A-11D0-8D11-00A0C91BC942}") = "Z29", "Z29\Z29.vcxproj", "{F9B6F402-87E9-4601-B6BC-4A33C9C76FEC}"
EndProject
Project("{8BC9CEB8-8B4A-11D0-8D11-00A0C91BC942}") = "Test_Z29", "Test_Z29\Test_Z29.vcxproj", "{557E627C-4CFB-43BA-BC8F-92406979D8F7}"
	ProjectSection(ProjectDependencies) = postProject
		{F9B6F402-87E9-4601-B6BC-4A33C9C76FEC} = {F9B6F402-87E9-4601-B6BC-4A33C9C76FEC}
	EndProjectSection
EndProject
Project("{8BC9CEB8-8B4A-11D0-8D11-00A0C91BC942}") = "Z38", "Z38\Z38.vcxproj", "{5678FC5F-3742-48DB-96D3-5AAD5FB866C8}"
EndProject
Project("{8BC9CEB8-8B4A-11D0-8D11-00A0C91BC942}") = "array_tests", "array_tests\array_tests.vcxproj", "{80F249AA-1B30-4229-838B-636ECCAB8169}"
EndProject
Project("{9A19103F-16F7-4668-BE54-9A1E7A4F7556}") = "Z16", "Z16\Z16.csproj", "{C5D95149-07BF-4042-8F24-A97E0B4BC6CE}"
EndProject
Project("{2150E333-8FDC-42A3-9474-1A3956D46DE8}") = "Algorithms", "Algorithms", "{C04F1316-EBDD-4CB3-8E23-EFCB3DF659C8}"
EndProject
Project("{8BC9CEB8-8B4A-11D0-8D11-00A0C91BC942}") = "Two_Pointers", "Two_Pointers\Two_Pointers.vcxproj", "{5ECF8C65-1055-42F6-8D49-C8E0D56A9FED}"
EndProject
Project("{8BC9CEB8-8B4A-11D0-8D11-00A0C91BC942}") = "TP_Z245", "TP_Z245\TP_Z245.vcxproj", "{24372A1F-E4C0-4B2C-8305-1BAE075B0DDF}"
EndProject
Project("{2150E333-8FDC-42A3-9474-1A3956D46DE8}") = "Two_Pointers", "Two_Pointers", "{70782A57-15EB-4465-BB6C-168CD2F8E18A}"
EndProject
Project("{8BC9CEB8-8B4A-11D0-8D11-00A0C91BC942}") = "TP_Z587", "TP_Z587\TP_Z587.vcxproj", "{DE441BA4-6359-4696-BA41-195211881A06}"
EndProject
Project("{8BC9CEB8-8B4A-11D0-8D11-00A0C91BC942}") = "Binary search", "Binary search\Binary search.vcxproj", "{CA6BED1E-40DA-4FE4-8F79-9125D4F3C916}"
EndProject
Project("{8BC9CEB8-8B4A-11D0-8D11-00A0C91BC942}") = "BS712", "BS712\BS712.vcxproj", "{27CFD843-87BE-4C79-94B9-81F9DCB7298F}"
EndProject
Project("{8BC9CEB8-8B4A-11D0-8D11-00A0C91BC942}") = "Linked_List", "Linked_List\Linked_List.vcxproj", "{A459985F-F63B-4BAC-BFCB-744DF6B1EB11}"
EndProject
Project("{8BC9CEB8-8B4A-11D0-8D11-00A0C91BC942}") = "Z18", "Z18\Z18.vcxproj", "{996EE3A9-45D0-4429-A782-19A0D3A74854}"
EndProject
Project("{8BC9CEB8-8B4A-11D0-8D11-00A0C91BC942}") = "Quick_sort", "Quick_sort\Quick_sort.vcxproj", "{5BC6B669-320F-473E-9768-2FB231737FD7}"
EndProject
Project("{8BC9CEB8-8B4A-11D0-8D11-00A0C91BC942}") = "Counting_sort", "Counting_sort\Counting_sort.vcxproj", "{62565C20-DE50-4F8E-9D4A-388C3F8E7F91}"
EndProject
Project("{8BC9CEB8-8B4A-11D0-8D11-00A0C91BC942}") = "Merge_sort", "Merge_sort\Merge_sort.vcxproj", "{241261C9-8425-4C54-B55C-F550EE4D0BAD}"
EndProject
Project("{8BC9CEB8-8B4A-11D0-8D11-00A0C91BC942}") = "BS_L1", "BS_L1\BS_L1.vcxproj", "{B2064AEE-61E2-4BA5-894C-DA6DBD7B3DC5}"
EndProject
Project("{8BC9CEB8-8B4A-11D0-8D11-00A0C91BC942}") = "Tests", "Tests\Tests.vcxproj", "{8B5AD117-B443-46CF-84D0-3D17BB685842}"
EndProject
Project("{2150E333-8FDC-42A3-9474-1A3956D46DE8}") = "StructC#", "StructC#", "{2E79FFE2-9978-42E2-B635-8491C83A6C34}"
EndProject
Project("{9A19103F-16F7-4668-BE54-9A1E7A4F7556}") = "LinkedList", "LinkedList\LinkedList.csproj", "{F55A3C8D-390E-4821-87BC-1BF1EFDDA386}"
EndProject
Project("{9A19103F-16F7-4668-BE54-9A1E7A4F7556}") = "FirstLastList", "FirstLastList\FirstLastList.csproj", "{4455FA12-80E3-4CF6-9D85-BC96DA57CD4F}"
EndProject
Project("{8BC9CEB8-8B4A-11D0-8D11-00A0C91BC942}") = "Z24", "Z24\Z24.vcxproj", "{E2AF1950-2CB5-4CA5-9567-4E6C3A6A3DB2}"
EndProject
Project("{8BC9CEB8-8B4A-11D0-8D11-00A0C91BC942}") = "Z649", "Z649\Z649.vcxproj", "{BEA2B949-1BAB-4297-8CFE-3D6EC4F7C873}"
EndProject
Project("{8BC9CEB8-8B4A-11D0-8D11-00A0C91BC942}") = "Test_TP", "Test_TP\Test_TP.vcxproj", "{9F6170B1-BB20-45BF-A101-E97EF00F5C6D}"
EndProject
Project("{8BC9CEB8-8B4A-11D0-8D11-00A0C91BC942}") = "279В", "279В\279В.vcxproj", "{A0B13BF4-D03A-448E-B3B0-A315519F6DAC}"
EndProject
Project("{8BC9CEB8-8B4A-11D0-8D11-00A0C91BC942}") = "6С", "6С\6С.vcxproj", "{1C6A5495-ED8A-42A1-B8CC-AFBC536A123F}"
EndProject
Project("{2150E333-8FDC-42A3-9474-1A3956D46DE8}") = "905D", "905D", "{5F48DCA4-078C-4234-BA62-90D8017DC979}"
EndProject
Project("{8BC9CEB8-8B4A-11D0-8D11-00A0C91BC942}") = "1A", "1A\1A.vcxproj", "{2E56B89B-6B33-4CB2-8C73-614AE1C43734}"
EndProject
Project("{8BC9CEB8-8B4A-11D0-8D11-00A0C91BC942}") = "1B", "1B\1B.vcxproj", "{DEDE8BAD-238B-4414-BC7D-D407503C2317}"
EndProject
Global
	GlobalSection(SolutionConfigurationPlatforms) = preSolution
		Debug|Any CPU = Debug|Any CPU
		Debug|x64 = Debug|x64
		Debug|x86 = Debug|x86
		Release|Any CPU = Release|Any CPU
		Release|x64 = Release|x64
		Release|x86 = Release|x86
	EndGlobalSection
	GlobalSection(ProjectConfigurationPlatforms) = postSolution
		{15285DFD-5A7F-45B2-BCD3-2A2B0C828341}.Debug|Any CPU.ActiveCfg = Debug|x64
		{15285DFD-5A7F-45B2-BCD3-2A2B0C828341}.Debug|Any CPU.Build.0 = Debug|x64
		{15285DFD-5A7F-45B2-BCD3-2A2B0C828341}.Debug|x64.ActiveCfg = Debug|x64
		{15285DFD-5A7F-45B2-BCD3-2A2B0C828341}.Debug|x64.Build.0 = Debug|x64
		{15285DFD-5A7F-45B2-BCD3-2A2B0C828341}.Debug|x86.ActiveCfg = Debug|Win32
		{15285DFD-5A7F-45B2-BCD3-2A2B0C828341}.Debug|x86.Build.0 = Debug|Win32
		{15285DFD-5A7F-45B2-BCD3-2A2B0C828341}.Release|Any CPU.ActiveCfg = Release|x64
		{15285DFD-5A7F-45B2-BCD3-2A2B0C828341}.Release|Any CPU.Build.0 = Release|x64
		{15285DFD-5A7F-45B2-BCD3-2A2B0C828341}.Release|x64.ActiveCfg = Release|x64
		{15285DFD-5A7F-45B2-BCD3-2A2B0C828341}.Release|x64.Build.0 = Release|x64
		{15285DFD-5A7F-45B2-BCD3-2A2B0C828341}.Release|x86.ActiveCfg = Release|Win32
		{15285DFD-5A7F-45B2-BCD3-2A2B0C828341}.Release|x86.Build.0 = Release|Win32
		{7B0959C7-1189-4D4B-A0AE-6107955E67A2}.Debug|Any CPU.ActiveCfg = Debug|x64
		{7B0959C7-1189-4D4B-A0AE-6107955E67A2}.Debug|Any CPU.Build.0 = Debug|x64
		{7B0959C7-1189-4D4B-A0AE-6107955E67A2}.Debug|x64.ActiveCfg = Debug|x64
		{7B0959C7-1189-4D4B-A0AE-6107955E67A2}.Debug|x64.Build.0 = Debug|x64
		{7B0959C7-1189-4D4B-A0AE-6107955E67A2}.Debug|x86.ActiveCfg = Debug|Win32
		{7B0959C7-1189-4D4B-A0AE-6107955E67A2}.Debug|x86.Build.0 = Debug|Win32
		{7B0959C7-1189-4D4B-A0AE-6107955E67A2}.Release|Any CPU.ActiveCfg = Release|x64
		{7B0959C7-1189-4D4B-A0AE-6107955E67A2}.Release|Any CPU.Build.0 = Release|x64
		{7B0959C7-1189-4D4B-A0AE-6107955E67A2}.Release|x64.ActiveCfg = Release|x64
		{7B0959C7-1189-4D4B-A0AE-6107955E67A2}.Release|x64.Build.0 = Release|x64
		{7B0959C7-1189-4D4B-A0AE-6107955E67A2}.Release|x86.ActiveCfg = Release|Win32
		{7B0959C7-1189-4D4B-A0AE-6107955E67A2}.Release|x86.Build.0 = Release|Win32
		{DF199431-AC6E-480C-92B5-852B93D99129}.Debug|Any CPU.ActiveCfg = Debug|x64
		{DF199431-AC6E-480C-92B5-852B93D99129}.Debug|Any CPU.Build.0 = Debug|x64
		{DF199431-AC6E-480C-92B5-852B93D99129}.Debug|x64.ActiveCfg = Debug|x64
		{DF199431-AC6E-480C-92B5-852B93D99129}.Debug|x64.Build.0 = Debug|x64
		{DF199431-AC6E-480C-92B5-852B93D99129}.Debug|x86.ActiveCfg = Debug|Win32
		{DF199431-AC6E-480C-92B5-852B93D99129}.Debug|x86.Build.0 = Debug|Win32
		{DF199431-AC6E-480C-92B5-852B93D99129}.Release|Any CPU.ActiveCfg = Release|x64
		{DF199431-AC6E-480C-92B5-852B93D99129}.Release|Any CPU.Build.0 = Release|x64
		{DF199431-AC6E-480C-92B5-852B93D99129}.Release|x64.ActiveCfg = Release|x64
		{DF199431-AC6E-480C-92B5-852B93D99129}.Release|x64.Build.0 = Release|x64
		{DF199431-AC6E-480C-92B5-852B93D99129}.Release|x86.ActiveCfg = Release|Win32
		{DF199431-AC6E-480C-92B5-852B93D99129}.Release|x86.Build.0 = Release|Win32
		{AB029F0E-2D76-4C8D-9456-1A007FC7D77E}.Debug|Any CPU.ActiveCfg = Debug|x64
		{AB029F0E-2D76-4C8D-9456-1A007FC7D77E}.Debug|Any CPU.Build.0 = Debug|x64
		{AB029F0E-2D76-4C8D-9456-1A007FC7D77E}.Debug|x64.ActiveCfg = Debug|x64
		{AB029F0E-2D76-4C8D-9456-1A007FC7D77E}.Debug|x64.Build.0 = Debug|x64
		{AB029F0E-2D76-4C8D-9456-1A007FC7D77E}.Debug|x86.ActiveCfg = Debug|Win32
		{AB029F0E-2D76-4C8D-9456-1A007FC7D77E}.Debug|x86.Build.0 = Debug|Win32
		{AB029F0E-2D76-4C8D-9456-1A007FC7D77E}.Release|Any CPU.ActiveCfg = Release|x64
		{AB029F0E-2D76-4C8D-9456-1A007FC7D77E}.Release|Any CPU.Build.0 = Release|x64
		{AB029F0E-2D76-4C8D-9456-1A007FC7D77E}.Release|x64.ActiveCfg = Release|x64
		{AB029F0E-2D76-4C8D-9456-1A007FC7D77E}.Release|x64.Build.0 = Release|x64
		{AB029F0E-2D76-4C8D-9456-1A007FC7D77E}.Release|x86.ActiveCfg = Release|Win32
		{AB029F0E-2D76-4C8D-9456-1A007FC7D77E}.Release|x86.Build.0 = Release|Win32
		{8E43445C-7295-4990-BD65-47A0853BDA42}.Debug|Any CPU.ActiveCfg = Debug|x64
		{8E43445C-7295-4990-BD65-47A0853BDA42}.Debug|Any CPU.Build.0 = Debug|x64
		{8E43445C-7295-4990-BD65-47A0853BDA42}.Debug|x64.ActiveCfg = Debug|x64
		{8E43445C-7295-4990-BD65-47A0853BDA42}.Debug|x64.Build.0 = Debug|x64
		{8E43445C-7295-4990-BD65-47A0853BDA42}.Debug|x86.ActiveCfg = Debug|Win32
		{8E43445C-7295-4990-BD65-47A0853BDA42}.Debug|x86.Build.0 = Debug|Win32
		{8E43445C-7295-4990-BD65-47A0853BDA42}.Release|Any CPU.ActiveCfg = Release|x64
		{8E43445C-7295-4990-BD65-47A0853BDA42}.Release|Any CPU.Build.0 = Release|x64
		{8E43445C-7295-4990-BD65-47A0853BDA42}.Release|x64.ActiveCfg = Release|x64
		{8E43445C-7295-4990-BD65-47A0853BDA42}.Release|x64.Build.0 = Release|x64
		{8E43445C-7295-4990-BD65-47A0853BDA42}.Release|x86.ActiveCfg = Release|Win32
		{8E43445C-7295-4990-BD65-47A0853BDA42}.Release|x86.Build.0 = Release|Win32
		{4EAF600B-C19F-45E5-B199-94FA6F4D453C}.Debug|Any CPU.ActiveCfg = Debug|x64
		{4EAF600B-C19F-45E5-B199-94FA6F4D453C}.Debug|Any CPU.Build.0 = Debug|x64
		{4EAF600B-C19F-45E5-B199-94FA6F4D453C}.Debug|x64.ActiveCfg = Debug|x64
		{4EAF600B-C19F-45E5-B199-94FA6F4D453C}.Debug|x64.Build.0 = Debug|x64
		{4EAF600B-C19F-45E5-B199-94FA6F4D453C}.Debug|x86.ActiveCfg = Debug|Win32
		{4EAF600B-C19F-45E5-B199-94FA6F4D453C}.Debug|x86.Build.0 = Debug|Win32
		{4EAF600B-C19F-45E5-B199-94FA6F4D453C}.Release|Any CPU.ActiveCfg = Release|x64
		{4EAF600B-C19F-45E5-B199-94FA6F4D453C}.Release|Any CPU.Build.0 = Release|x64
		{4EAF600B-C19F-45E5-B199-94FA6F4D453C}.Release|x64.ActiveCfg = Release|x64
		{4EAF600B-C19F-45E5-B199-94FA6F4D453C}.Release|x64.Build.0 = Release|x64
		{4EAF600B-C19F-45E5-B199-94FA6F4D453C}.Release|x86.ActiveCfg = Release|Win32
		{4EAF600B-C19F-45E5-B199-94FA6F4D453C}.Release|x86.Build.0 = Release|Win32
		{C6CA1E05-E9F2-4B11-ACA6-66394E81FC33}.Debug|Any CPU.ActiveCfg = Debug|x64
		{C6CA1E05-E9F2-4B11-ACA6-66394E81FC33}.Debug|Any CPU.Build.0 = Debug|x64
		{C6CA1E05-E9F2-4B11-ACA6-66394E81FC33}.Debug|x64.ActiveCfg = Debug|x64
		{C6CA1E05-E9F2-4B11-ACA6-66394E81FC33}.Debug|x64.Build.0 = Debug|x64
		{C6CA1E05-E9F2-4B11-ACA6-66394E81FC33}.Debug|x86.ActiveCfg = Debug|Win32
		{C6CA1E05-E9F2-4B11-ACA6-66394E81FC33}.Debug|x86.Build.0 = Debug|Win32
		{C6CA1E05-E9F2-4B11-ACA6-66394E81FC33}.Release|Any CPU.ActiveCfg = Release|x64
		{C6CA1E05-E9F2-4B11-ACA6-66394E81FC33}.Release|Any CPU.Build.0 = Release|x64
		{C6CA1E05-E9F2-4B11-ACA6-66394E81FC33}.Release|x64.ActiveCfg = Release|x64
		{C6CA1E05-E9F2-4B11-ACA6-66394E81FC33}.Release|x64.Build.0 = Release|x64
		{C6CA1E05-E9F2-4B11-ACA6-66394E81FC33}.Release|x86.ActiveCfg = Release|Win32
		{C6CA1E05-E9F2-4B11-ACA6-66394E81FC33}.Release|x86.Build.0 = Release|Win32
		{06751FB3-A79B-40D0-95EF-81EA8BAD0117}.Debug|Any CPU.ActiveCfg = Debug|Any CPU
		{06751FB3-A79B-40D0-95EF-81EA8BAD0117}.Debug|Any CPU.Build.0 = Debug|Any CPU
		{06751FB3-A79B-40D0-95EF-81EA8BAD0117}.Debug|x64.ActiveCfg = Debug|Any CPU
		{06751FB3-A79B-40D0-95EF-81EA8BAD0117}.Debug|x64.Build.0 = Debug|Any CPU
		{06751FB3-A79B-40D0-95EF-81EA8BAD0117}.Debug|x86.ActiveCfg = Debug|Any CPU
		{06751FB3-A79B-40D0-95EF-81EA8BAD0117}.Debug|x86.Build.0 = Debug|Any CPU
		{06751FB3-A79B-40D0-95EF-81EA8BAD0117}.Release|Any CPU.ActiveCfg = Release|Any CPU
		{06751FB3-A79B-40D0-95EF-81EA8BAD0117}.Release|Any CPU.Build.0 = Release|Any CPU
		{06751FB3-A79B-40D0-95EF-81EA8BAD0117}.Release|x64.ActiveCfg = Release|Any CPU
		{06751FB3-A79B-40D0-95EF-81EA8BAD0117}.Release|x64.Build.0 = Release|Any CPU
		{06751FB3-A79B-40D0-95EF-81EA8BAD0117}.Release|x86.ActiveCfg = Release|Any CPU
		{06751FB3-A79B-40D0-95EF-81EA8BAD0117}.Release|x86.Build.0 = Release|Any CPU
		{CF45B471-DC1B-48D7-9988-BC0512885CAD}.Debug|Any CPU.ActiveCfg = Debug|Any CPU
		{CF45B471-DC1B-48D7-9988-BC0512885CAD}.Debug|Any CPU.Build.0 = Debug|Any CPU
		{CF45B471-DC1B-48D7-9988-BC0512885CAD}.Debug|x64.ActiveCfg = Debug|Any CPU
		{CF45B471-DC1B-48D7-9988-BC0512885CAD}.Debug|x64.Build.0 = Debug|Any CPU
		{CF45B471-DC1B-48D7-9988-BC0512885CAD}.Debug|x86.ActiveCfg = Debug|Any CPU
		{CF45B471-DC1B-48D7-9988-BC0512885CAD}.Debug|x86.Build.0 = Debug|Any CPU
		{CF45B471-DC1B-48D7-9988-BC0512885CAD}.Release|Any CPU.ActiveCfg = Release|Any CPU
		{CF45B471-DC1B-48D7-9988-BC0512885CAD}.Release|Any CPU.Build.0 = Release|Any CPU
		{CF45B471-DC1B-48D7-9988-BC0512885CAD}.Release|x64.ActiveCfg = Release|Any CPU
		{CF45B471-DC1B-48D7-9988-BC0512885CAD}.Release|x64.Build.0 = Release|Any CPU
		{CF45B471-DC1B-48D7-9988-BC0512885CAD}.Release|x86.ActiveCfg = Release|Any CPU
		{CF45B471-DC1B-48D7-9988-BC0512885CAD}.Release|x86.Build.0 = Release|Any CPU
		{F08B27A3-9C6F-4804-BB62-D44CA7C29DEC}.Debug|Any CPU.ActiveCfg = Debug|x64
		{F08B27A3-9C6F-4804-BB62-D44CA7C29DEC}.Debug|Any CPU.Build.0 = Debug|x64
		{F08B27A3-9C6F-4804-BB62-D44CA7C29DEC}.Debug|x64.ActiveCfg = Debug|x64
		{F08B27A3-9C6F-4804-BB62-D44CA7C29DEC}.Debug|x64.Build.0 = Debug|x64
		{F08B27A3-9C6F-4804-BB62-D44CA7C29DEC}.Debug|x86.ActiveCfg = Debug|Win32
		{F08B27A3-9C6F-4804-BB62-D44CA7C29DEC}.Debug|x86.Build.0 = Debug|Win32
		{F08B27A3-9C6F-4804-BB62-D44CA7C29DEC}.Release|Any CPU.ActiveCfg = Release|x64
		{F08B27A3-9C6F-4804-BB62-D44CA7C29DEC}.Release|Any CPU.Build.0 = Release|x64
		{F08B27A3-9C6F-4804-BB62-D44CA7C29DEC}.Release|x64.ActiveCfg = Release|x64
		{F08B27A3-9C6F-4804-BB62-D44CA7C29DEC}.Release|x64.Build.0 = Release|x64
		{F08B27A3-9C6F-4804-BB62-D44CA7C29DEC}.Release|x86.ActiveCfg = Release|Win32
		{F08B27A3-9C6F-4804-BB62-D44CA7C29DEC}.Release|x86.Build.0 = Release|Win32
		{8E6EFAA0-0303-4DB2-82BF-2EC22FA1078E}.Debug|Any CPU.ActiveCfg = Debug|x64
		{8E6EFAA0-0303-4DB2-82BF-2EC22FA1078E}.Debug|Any CPU.Build.0 = Debug|x64
		{8E6EFAA0-0303-4DB2-82BF-2EC22FA1078E}.Debug|x64.ActiveCfg = Debug|x64
		{8E6EFAA0-0303-4DB2-82BF-2EC22FA1078E}.Debug|x64.Build.0 = Debug|x64
		{8E6EFAA0-0303-4DB2-82BF-2EC22FA1078E}.Debug|x86.ActiveCfg = Debug|Win32
		{8E6EFAA0-0303-4DB2-82BF-2EC22FA1078E}.Debug|x86.Build.0 = Debug|Win32
		{8E6EFAA0-0303-4DB2-82BF-2EC22FA1078E}.Release|Any CPU.ActiveCfg = Release|x64
		{8E6EFAA0-0303-4DB2-82BF-2EC22FA1078E}.Release|Any CPU.Build.0 = Release|x64
		{8E6EFAA0-0303-4DB2-82BF-2EC22FA1078E}.Release|x64.ActiveCfg = Release|x64
		{8E6EFAA0-0303-4DB2-82BF-2EC22FA1078E}.Release|x64.Build.0 = Release|x64
		{8E6EFAA0-0303-4DB2-82BF-2EC22FA1078E}.Release|x86.ActiveCfg = Release|Win32
		{8E6EFAA0-0303-4DB2-82BF-2EC22FA1078E}.Release|x86.Build.0 = Release|Win32
		{F9B6F402-87E9-4601-B6BC-4A33C9C76FEC}.Debug|Any CPU.ActiveCfg = Debug|x64
		{F9B6F402-87E9-4601-B6BC-4A33C9C76FEC}.Debug|Any CPU.Build.0 = Debug|x64
		{F9B6F402-87E9-4601-B6BC-4A33C9C76FEC}.Debug|x64.ActiveCfg = Debug|x64
		{F9B6F402-87E9-4601-B6BC-4A33C9C76FEC}.Debug|x64.Build.0 = Debug|x64
		{F9B6F402-87E9-4601-B6BC-4A33C9C76FEC}.Debug|x86.ActiveCfg = Debug|Win32
		{F9B6F402-87E9-4601-B6BC-4A33C9C76FEC}.Debug|x86.Build.0 = Debug|Win32
		{F9B6F402-87E9-4601-B6BC-4A33C9C76FEC}.Release|Any CPU.ActiveCfg = Release|x64
		{F9B6F402-87E9-4601-B6BC-4A33C9C76FEC}.Release|Any CPU.Build.0 = Release|x64
		{F9B6F402-87E9-4601-B6BC-4A33C9C76FEC}.Release|x64.ActiveCfg = Release|x64
		{F9B6F402-87E9-4601-B6BC-4A33C9C76FEC}.Release|x64.Build.0 = Release|x64
		{F9B6F402-87E9-4601-B6BC-4A33C9C76FEC}.Release|x86.ActiveCfg = Release|Win32
		{F9B6F402-87E9-4601-B6BC-4A33C9C76FEC}.Release|x86.Build.0 = Release|Win32
		{557E627C-4CFB-43BA-BC8F-92406979D8F7}.Debug|Any CPU.ActiveCfg = Debug|x64
		{557E627C-4CFB-43BA-BC8F-92406979D8F7}.Debug|Any CPU.Build.0 = Debug|x64
		{557E627C-4CFB-43BA-BC8F-92406979D8F7}.Debug|x64.ActiveCfg = Debug|x64
		{557E627C-4CFB-43BA-BC8F-92406979D8F7}.Debug|x64.Build.0 = Debug|x64
		{557E627C-4CFB-43BA-BC8F-92406979D8F7}.Debug|x86.ActiveCfg = Debug|Win32
		{557E627C-4CFB-43BA-BC8F-92406979D8F7}.Debug|x86.Build.0 = Debug|Win32
		{557E627C-4CFB-43BA-BC8F-92406979D8F7}.Release|Any CPU.ActiveCfg = Release|x64
		{557E627C-4CFB-43BA-BC8F-92406979D8F7}.Release|Any CPU.Build.0 = Release|x64
		{557E627C-4CFB-43BA-BC8F-92406979D8F7}.Release|x64.ActiveCfg = Release|x64
		{557E627C-4CFB-43BA-BC8F-92406979D8F7}.Release|x64.Build.0 = Release|x64
		{557E627C-4CFB-43BA-BC8F-92406979D8F7}.Release|x86.ActiveCfg = Release|Win32
		{557E627C-4CFB-43BA-BC8F-92406979D8F7}.Release|x86.Build.0 = Release|Win32
		{5678FC5F-3742-48DB-96D3-5AAD5FB866C8}.Debug|Any CPU.ActiveCfg = Debug|x64
		{5678FC5F-3742-48DB-96D3-5AAD5FB866C8}.Debug|Any CPU.Build.0 = Debug|x64
		{5678FC5F-3742-48DB-96D3-5AAD5FB866C8}.Debug|x64.ActiveCfg = Debug|x64
		{5678FC5F-3742-48DB-96D3-5AAD5FB866C8}.Debug|x64.Build.0 = Debug|x64
		{5678FC5F-3742-48DB-96D3-5AAD5FB866C8}.Debug|x86.ActiveCfg = Debug|Win32
		{5678FC5F-3742-48DB-96D3-5AAD5FB866C8}.Debug|x86.Build.0 = Debug|Win32
		{5678FC5F-3742-48DB-96D3-5AAD5FB866C8}.Release|Any CPU.ActiveCfg = Release|x64
		{5678FC5F-3742-48DB-96D3-5AAD5FB866C8}.Release|Any CPU.Build.0 = Release|x64
		{5678FC5F-3742-48DB-96D3-5AAD5FB866C8}.Release|x64.ActiveCfg = Release|x64
		{5678FC5F-3742-48DB-96D3-5AAD5FB866C8}.Release|x64.Build.0 = Release|x64
		{5678FC5F-3742-48DB-96D3-5AAD5FB866C8}.Release|x86.ActiveCfg = Release|Win32
		{5678FC5F-3742-48DB-96D3-5AAD5FB866C8}.Release|x86.Build.0 = Release|Win32
		{80F249AA-1B30-4229-838B-636ECCAB8169}.Debug|Any CPU.ActiveCfg = Debug|x64
		{80F249AA-1B30-4229-838B-636ECCAB8169}.Debug|Any CPU.Build.0 = Debug|x64
		{80F249AA-1B30-4229-838B-636ECCAB8169}.Debug|x64.ActiveCfg = Debug|x64
		{80F249AA-1B30-4229-838B-636ECCAB8169}.Debug|x64.Build.0 = Debug|x64
		{80F249AA-1B30-4229-838B-636ECCAB8169}.Debug|x86.ActiveCfg = Debug|Win32
		{80F249AA-1B30-4229-838B-636ECCAB8169}.Debug|x86.Build.0 = Debug|Win32
		{80F249AA-1B30-4229-838B-636ECCAB8169}.Release|Any CPU.ActiveCfg = Release|x64
		{80F249AA-1B30-4229-838B-636ECCAB8169}.Release|Any CPU.Build.0 = Release|x64
		{80F249AA-1B30-4229-838B-636ECCAB8169}.Release|x64.ActiveCfg = Release|x64
		{80F249AA-1B30-4229-838B-636ECCAB8169}.Release|x64.Build.0 = Release|x64
		{80F249AA-1B30-4229-838B-636ECCAB8169}.Release|x86.ActiveCfg = Release|Win32
		{80F249AA-1B30-4229-838B-636ECCAB8169}.Release|x86.Build.0 = Release|Win32
		{C5D95149-07BF-4042-8F24-A97E0B4BC6CE}.Debug|Any CPU.ActiveCfg = Debug|Any CPU
		{C5D95149-07BF-4042-8F24-A97E0B4BC6CE}.Debug|Any CPU.Build.0 = Debug|Any CPU
		{C5D95149-07BF-4042-8F24-A97E0B4BC6CE}.Debug|x64.ActiveCfg = Debug|Any CPU
		{C5D95149-07BF-4042-8F24-A97E0B4BC6CE}.Debug|x64.Build.0 = Debug|Any CPU
		{C5D95149-07BF-4042-8F24-A97E0B4BC6CE}.Debug|x86.ActiveCfg = Debug|Any CPU
		{C5D95149-07BF-4042-8F24-A97E0B4BC6CE}.Debug|x86.Build.0 = Debug|Any CPU
		{C5D95149-07BF-4042-8F24-A97E0B4BC6CE}.Release|Any CPU.ActiveCfg = Release|Any CPU
		{C5D95149-07BF-4042-8F24-A97E0B4BC6CE}.Release|Any CPU.Build.0 = Release|Any CPU
		{C5D95149-07BF-4042-8F24-A97E0B4BC6CE}.Release|x64.ActiveCfg = Release|Any CPU
		{C5D95149-07BF-4042-8F24-A97E0B4BC6CE}.Release|x64.Build.0 = Release|Any CPU
		{C5D95149-07BF-4042-8F24-A97E0B4BC6CE}.Release|x86.ActiveCfg = Release|Any CPU
		{C5D95149-07BF-4042-8F24-A97E0B4BC6CE}.Release|x86.Build.0 = Release|Any CPU
		{5ECF8C65-1055-42F6-8D49-C8E0D56A9FED}.Debug|Any CPU.ActiveCfg = Debug|x64
		{5ECF8C65-1055-42F6-8D49-C8E0D56A9FED}.Debug|Any CPU.Build.0 = Debug|x64
		{5ECF8C65-1055-42F6-8D49-C8E0D56A9FED}.Debug|x64.ActiveCfg = Debug|x64
		{5ECF8C65-1055-42F6-8D49-C8E0D56A9FED}.Debug|x64.Build.0 = Debug|x64
		{5ECF8C65-1055-42F6-8D49-C8E0D56A9FED}.Debug|x86.ActiveCfg = Debug|Win32
		{5ECF8C65-1055-42F6-8D49-C8E0D56A9FED}.Debug|x86.Build.0 = Debug|Win32
		{5ECF8C65-1055-42F6-8D49-C8E0D56A9FED}.Release|Any CPU.ActiveCfg = Release|x64
		{5ECF8C65-1055-42F6-8D49-C8E0D56A9FED}.Release|Any CPU.Build.0 = Release|x64
		{5ECF8C65-1055-42F6-8D49-C8E0D56A9FED}.Release|x64.ActiveCfg = Release|x64
		{5ECF8C65-1055-42F6-8D49-C8E0D56A9FED}.Release|x64.Build.0 = Release|x64
		{5ECF8C65-1055-42F6-8D49-C8E0D56A9FED}.Release|x86.ActiveCfg = Release|Win32
		{5ECF8C65-1055-42F6-8D49-C8E0D56A9FED}.Release|x86.Build.0 = Release|Win32
		{24372A1F-E4C0-4B2C-8305-1BAE075B0DDF}.Debug|Any CPU.ActiveCfg = Debug|x64
		{24372A1F-E4C0-4B2C-8305-1BAE075B0DDF}.Debug|Any CPU.Build.0 = Debug|x64
		{24372A1F-E4C0-4B2C-8305-1BAE075B0DDF}.Debug|x64.ActiveCfg = Debug|x64
		{24372A1F-E4C0-4B2C-8305-1BAE075B0DDF}.Debug|x64.Build.0 = Debug|x64
		{24372A1F-E4C0-4B2C-8305-1BAE075B0DDF}.Debug|x86.ActiveCfg = Debug|Win32
		{24372A1F-E4C0-4B2C-8305-1BAE075B0DDF}.Debug|x86.Build.0 = Debug|Win32
		{24372A1F-E4C0-4B2C-8305-1BAE075B0DDF}.Release|Any CPU.ActiveCfg = Release|x64
		{24372A1F-E4C0-4B2C-8305-1BAE075B0DDF}.Release|Any CPU.Build.0 = Release|x64
		{24372A1F-E4C0-4B2C-8305-1BAE075B0DDF}.Release|x64.ActiveCfg = Release|x64
		{24372A1F-E4C0-4B2C-8305-1BAE075B0DDF}.Release|x64.Build.0 = Release|x64
		{24372A1F-E4C0-4B2C-8305-1BAE075B0DDF}.Release|x86.ActiveCfg = Release|Win32
		{24372A1F-E4C0-4B2C-8305-1BAE075B0DDF}.Release|x86.Build.0 = Release|Win32
		{DE441BA4-6359-4696-BA41-195211881A06}.Debug|Any CPU.ActiveCfg = Debug|x64
		{DE441BA4-6359-4696-BA41-195211881A06}.Debug|Any CPU.Build.0 = Debug|x64
		{DE441BA4-6359-4696-BA41-195211881A06}.Debug|x64.ActiveCfg = Debug|x64
		{DE441BA4-6359-4696-BA41-195211881A06}.Debug|x64.Build.0 = Debug|x64
		{DE441BA4-6359-4696-BA41-195211881A06}.Debug|x86.ActiveCfg = Debug|Win32
		{DE441BA4-6359-4696-BA41-195211881A06}.Debug|x86.Build.0 = Debug|Win32
		{DE441BA4-6359-4696-BA41-195211881A06}.Release|Any CPU.ActiveCfg = Release|x64
		{DE441BA4-6359-4696-BA41-195211881A06}.Release|Any CPU.Build.0 = Release|x64
		{DE441BA4-6359-4696-BA41-195211881A06}.Release|x64.ActiveCfg = Release|x64
		{DE441BA4-6359-4696-BA41-195211881A06}.Release|x64.Build.0 = Release|x64
		{DE441BA4-6359-4696-BA41-195211881A06}.Release|x86.ActiveCfg = Release|Win32
		{DE441BA4-6359-4696-BA41-195211881A06}.Release|x86.Build.0 = Release|Win32
		{CA6BED1E-40DA-4FE4-8F79-9125D4F3C916}.Debug|Any CPU.ActiveCfg = Debug|x64
		{CA6BED1E-40DA-4FE4-8F79-9125D4F3C916}.Debug|Any CPU.Build.0 = Debug|x64
		{CA6BED1E-40DA-4FE4-8F79-9125D4F3C916}.Debug|x64.ActiveCfg = Debug|x64
		{CA6BED1E-40DA-4FE4-8F79-9125D4F3C916}.Debug|x64.Build.0 = Debug|x64
		{CA6BED1E-40DA-4FE4-8F79-9125D4F3C916}.Debug|x86.ActiveCfg = Debug|Win32
		{CA6BED1E-40DA-4FE4-8F79-9125D4F3C916}.Debug|x86.Build.0 = Debug|Win32
		{CA6BED1E-40DA-4FE4-8F79-9125D4F3C916}.Release|Any CPU.ActiveCfg = Release|x64
		{CA6BED1E-40DA-4FE4-8F79-9125D4F3C916}.Release|Any CPU.Build.0 = Release|x64
		{CA6BED1E-40DA-4FE4-8F79-9125D4F3C916}.Release|x64.ActiveCfg = Release|x64
		{CA6BED1E-40DA-4FE4-8F79-9125D4F3C916}.Release|x64.Build.0 = Release|x64
		{CA6BED1E-40DA-4FE4-8F79-9125D4F3C916}.Release|x86.ActiveCfg = Release|Win32
		{CA6BED1E-40DA-4FE4-8F79-9125D4F3C916}.Release|x86.Build.0 = Release|Win32
		{27CFD843-87BE-4C79-94B9-81F9DCB7298F}.Debug|Any CPU.ActiveCfg = Debug|x64
		{27CFD843-87BE-4C79-94B9-81F9DCB7298F}.Debug|Any CPU.Build.0 = Debug|x64
		{27CFD843-87BE-4C79-94B9-81F9DCB7298F}.Debug|x64.ActiveCfg = Debug|x64
		{27CFD843-87BE-4C79-94B9-81F9DCB7298F}.Debug|x64.Build.0 = Debug|x64
		{27CFD843-87BE-4C79-94B9-81F9DCB7298F}.Debug|x86.ActiveCfg = Debug|Win32
		{27CFD843-87BE-4C79-94B9-81F9DCB7298F}.Debug|x86.Build.0 = Debug|Win32
		{27CFD843-87BE-4C79-94B9-81F9DCB7298F}.Release|Any CPU.ActiveCfg = Release|x64
		{27CFD843-87BE-4C79-94B9-81F9DCB7298F}.Release|Any CPU.Build.0 = Release|x64
		{27CFD843-87BE-4C79-94B9-81F9DCB7298F}.Release|x64.ActiveCfg = Release|x64
		{27CFD843-87BE-4C79-94B9-81F9DCB7298F}.Release|x64.Build.0 = Release|x64
		{27CFD843-87BE-4C79-94B9-81F9DCB7298F}.Release|x86.ActiveCfg = Release|Win32
		{27CFD843-87BE-4C79-94B9-81F9DCB7298F}.Release|x86.Build.0 = Release|Win32
		{A459985F-F63B-4BAC-BFCB-744DF6B1EB11}.Debug|Any CPU.ActiveCfg = Debug|x64
		{A459985F-F63B-4BAC-BFCB-744DF6B1EB11}.Debug|Any CPU.Build.0 = Debug|x64
		{A459985F-F63B-4BAC-BFCB-744DF6B1EB11}.Debug|x64.ActiveCfg = Debug|x64
		{A459985F-F63B-4BAC-BFCB-744DF6B1EB11}.Debug|x64.Build.0 = Debug|x64
		{A459985F-F63B-4BAC-BFCB-744DF6B1EB11}.Debug|x86.ActiveCfg = Debug|Win32
		{A459985F-F63B-4BAC-BFCB-744DF6B1EB11}.Debug|x86.Build.0 = Debug|Win32
		{A459985F-F63B-4BAC-BFCB-744DF6B1EB11}.Release|Any CPU.ActiveCfg = Release|x64
		{A459985F-F63B-4BAC-BFCB-744DF6B1EB11}.Release|Any CPU.Build.0 = Release|x64
		{A459985F-F63B-4BAC-BFCB-744DF6B1EB11}.Release|x64.ActiveCfg = Release|x64
		{A459985F-F63B-4BAC-BFCB-744DF6B1EB11}.Release|x64.Build.0 = Release|x64
		{A459985F-F63B-4BAC-BFCB-744DF6B1EB11}.Release|x86.ActiveCfg = Release|Win32
		{A459985F-F63B-4BAC-BFCB-744DF6B1EB11}.Release|x86.Build.0 = Release|Win32
		{996EE3A9-45D0-4429-A782-19A0D3A74854}.Debug|Any CPU.ActiveCfg = Debug|x64
		{996EE3A9-45D0-4429-A782-19A0D3A74854}.Debug|Any CPU.Build.0 = Debug|x64
		{996EE3A9-45D0-4429-A782-19A0D3A74854}.Debug|x64.ActiveCfg = Debug|x64
		{996EE3A9-45D0-4429-A782-19A0D3A74854}.Debug|x64.Build.0 = Debug|x64
		{996EE3A9-45D0-4429-A782-19A0D3A74854}.Debug|x86.ActiveCfg = Debug|Win32
		{996EE3A9-45D0-4429-A782-19A0D3A74854}.Debug|x86.Build.0 = Debug|Win32
		{996EE3A9-45D0-4429-A782-19A0D3A74854}.Release|Any CPU.ActiveCfg = Release|x64
		{996EE3A9-45D0-4429-A782-19A0D3A74854}.Release|Any CPU.Build.0 = Release|x64
		{996EE3A9-45D0-4429-A782-19A0D3A74854}.Release|x64.ActiveCfg = Release|x64
		{996EE3A9-45D0-4429-A782-19A0D3A74854}.Release|x64.Build.0 = Release|x64
		{996EE3A9-45D0-4429-A782-19A0D3A74854}.Release|x86.ActiveCfg = Release|Win32
		{996EE3A9-45D0-4429-A782-19A0D3A74854}.Release|x86.Build.0 = Release|Win32
		{5BC6B669-320F-473E-9768-2FB231737FD7}.Debug|Any CPU.ActiveCfg = Debug|x64
		{5BC6B669-320F-473E-9768-2FB231737FD7}.Debug|Any CPU.Build.0 = Debug|x64
		{5BC6B669-320F-473E-9768-2FB231737FD7}.Debug|x64.ActiveCfg = Debug|x64
		{5BC6B669-320F-473E-9768-2FB231737FD7}.Debug|x64.Build.0 = Debug|x64
		{5BC6B669-320F-473E-9768-2FB231737FD7}.Debug|x86.ActiveCfg = Debug|Win32
		{5BC6B669-320F-473E-9768-2FB231737FD7}.Debug|x86.Build.0 = Debug|Win32
		{5BC6B669-320F-473E-9768-2FB231737FD7}.Release|Any CPU.ActiveCfg = Release|x64
		{5BC6B669-320F-473E-9768-2FB231737FD7}.Release|Any CPU.Build.0 = Release|x64
		{5BC6B669-320F-473E-9768-2FB231737FD7}.Release|x64.ActiveCfg = Release|x64
		{5BC6B669-320F-473E-9768-2FB231737FD7}.Release|x64.Build.0 = Release|x64
		{5BC6B669-320F-473E-9768-2FB231737FD7}.Release|x86.ActiveCfg = Release|Win32
		{5BC6B669-320F-473E-9768-2FB231737FD7}.Release|x86.Build.0 = Release|Win32
		{62565C20-DE50-4F8E-9D4A-388C3F8E7F91}.Debug|Any CPU.ActiveCfg = Debug|x64
		{62565C20-DE50-4F8E-9D4A-388C3F8E7F91}.Debug|Any CPU.Build.0 = Debug|x64
		{62565C20-DE50-4F8E-9D4A-388C3F8E7F91}.Debug|x64.ActiveCfg = Debug|x64
		{62565C20-DE50-4F8E-9D4A-388C3F8E7F91}.Debug|x64.Build.0 = Debug|x64
		{62565C20-DE50-4F8E-9D4A-388C3F8E7F91}.Debug|x86.ActiveCfg = Debug|Win32
		{62565C20-DE50-4F8E-9D4A-388C3F8E7F91}.Debug|x86.Build.0 = Debug|Win32
		{62565C20-DE50-4F8E-9D4A-388C3F8E7F91}.Release|Any CPU.ActiveCfg = Release|x64
		{62565C20-DE50-4F8E-9D4A-388C3F8E7F91}.Release|Any CPU.Build.0 = Release|x64
		{62565C20-DE50-4F8E-9D4A-388C3F8E7F91}.Release|x64.ActiveCfg = Release|x64
		{62565C20-DE50-4F8E-9D4A-388C3F8E7F91}.Release|x64.Build.0 = Release|x64
		{62565C20-DE50-4F8E-9D4A-388C3F8E7F91}.Release|x86.ActiveCfg = Release|Win32
		{62565C20-DE50-4F8E-9D4A-388C3F8E7F91}.Release|x86.Build.0 = Release|Win32
		{241261C9-8425-4C54-B55C-F550EE4D0BAD}.Debug|Any CPU.ActiveCfg = Debug|x64
		{241261C9-8425-4C54-B55C-F550EE4D0BAD}.Debug|Any CPU.Build.0 = Debug|x64
		{241261C9-8425-4C54-B55C-F550EE4D0BAD}.Debug|x64.ActiveCfg = Debug|x64
		{241261C9-8425-4C54-B55C-F550EE4D0BAD}.Debug|x64.Build.0 = Debug|x64
		{241261C9-8425-4C54-B55C-F550EE4D0BAD}.Debug|x86.ActiveCfg = Debug|Win32
		{241261C9-8425-4C54-B55C-F550EE4D0BAD}.Debug|x86.Build.0 = Debug|Win32
		{241261C9-8425-4C54-B55C-F550EE4D0BAD}.Release|Any CPU.ActiveCfg = Release|x64
		{241261C9-8425-4C54-B55C-F550EE4D0BAD}.Release|Any CPU.Build.0 = Release|x64
		{241261C9-8425-4C54-B55C-F550EE4D0BAD}.Release|x64.ActiveCfg = Release|x64
		{241261C9-8425-4C54-B55C-F550EE4D0BAD}.Release|x64.Build.0 = Release|x64
		{241261C9-8425-4C54-B55C-F550EE4D0BAD}.Release|x86.ActiveCfg = Release|Win32
		{241261C9-8425-4C54-B55C-F550EE4D0BAD}.Release|x86.Build.0 = Release|Win32
		{B2064AEE-61E2-4BA5-894C-DA6DBD7B3DC5}.Debug|Any CPU.ActiveCfg = Debug|x64
		{B2064AEE-61E2-4BA5-894C-DA6DBD7B3DC5}.Debug|Any CPU.Build.0 = Debug|x64
		{B2064AEE-61E2-4BA5-894C-DA6DBD7B3DC5}.Debug|x64.ActiveCfg = Debug|x64
		{B2064AEE-61E2-4BA5-894C-DA6DBD7B3DC5}.Debug|x64.Build.0 = Debug|x64
		{B2064AEE-61E2-4BA5-894C-DA6DBD7B3DC5}.Debug|x86.ActiveCfg = Debug|Win32
		{B2064AEE-61E2-4BA5-894C-DA6DBD7B3DC5}.Debug|x86.Build.0 = Debug|Win32
		{B2064AEE-61E2-4BA5-894C-DA6DBD7B3DC5}.Release|Any CPU.ActiveCfg = Release|x64
		{B2064AEE-61E2-4BA5-894C-DA6DBD7B3DC5}.Release|Any CPU.Build.0 = Release|x64
		{B2064AEE-61E2-4BA5-894C-DA6DBD7B3DC5}.Release|x64.ActiveCfg = Release|x64
		{B2064AEE-61E2-4BA5-894C-DA6DBD7B3DC5}.Release|x64.Build.0 = Release|x64
		{B2064AEE-61E2-4BA5-894C-DA6DBD7B3DC5}.Release|x86.ActiveCfg = Release|Win32
		{B2064AEE-61E2-4BA5-894C-DA6DBD7B3DC5}.Release|x86.Build.0 = Release|Win32
		{8B5AD117-B443-46CF-84D0-3D17BB685842}.Debug|Any CPU.ActiveCfg = Debug|x64
		{8B5AD117-B443-46CF-84D0-3D17BB685842}.Debug|Any CPU.Build.0 = Debug|x64
		{8B5AD117-B443-46CF-84D0-3D17BB685842}.Debug|x64.ActiveCfg = Debug|x64
		{8B5AD117-B443-46CF-84D0-3D17BB685842}.Debug|x64.Build.0 = Debug|x64
		{8B5AD117-B443-46CF-84D0-3D17BB685842}.Debug|x86.ActiveCfg = Debug|Win32
		{8B5AD117-B443-46CF-84D0-3D17BB685842}.Debug|x86.Build.0 = Debug|Win32
		{8B5AD117-B443-46CF-84D0-3D17BB685842}.Release|Any CPU.ActiveCfg = Release|x64
		{8B5AD117-B443-46CF-84D0-3D17BB685842}.Release|Any CPU.Build.0 = Release|x64
		{8B5AD117-B443-46CF-84D0-3D17BB685842}.Release|x64.ActiveCfg = Release|x64
		{8B5AD117-B443-46CF-84D0-3D17BB685842}.Release|x64.Build.0 = Release|x64
		{8B5AD117-B443-46CF-84D0-3D17BB685842}.Release|x86.ActiveCfg = Release|Win32
		{8B5AD117-B443-46CF-84D0-3D17BB685842}.Release|x86.Build.0 = Release|Win32
		{F55A3C8D-390E-4821-87BC-1BF1EFDDA386}.Debug|Any CPU.ActiveCfg = Debug|Any CPU
		{F55A3C8D-390E-4821-87BC-1BF1EFDDA386}.Debug|Any CPU.Build.0 = Debug|Any CPU
		{F55A3C8D-390E-4821-87BC-1BF1EFDDA386}.Debug|x64.ActiveCfg = Debug|Any CPU
		{F55A3C8D-390E-4821-87BC-1BF1EFDDA386}.Debug|x64.Build.0 = Debug|Any CPU
		{F55A3C8D-390E-4821-87BC-1BF1EFDDA386}.Debug|x86.ActiveCfg = Debug|Any CPU
		{F55A3C8D-390E-4821-87BC-1BF1EFDDA386}.Debug|x86.Build.0 = Debug|Any CPU
		{F55A3C8D-390E-4821-87BC-1BF1EFDDA386}.Release|Any CPU.ActiveCfg = Release|Any CPU
		{F55A3C8D-390E-4821-87BC-1BF1EFDDA386}.Release|Any CPU.Build.0 = Release|Any CPU
		{F55A3C8D-390E-4821-87BC-1BF1EFDDA386}.Release|x64.ActiveCfg = Release|Any CPU
		{F55A3C8D-390E-4821-87BC-1BF1EFDDA386}.Release|x64.Build.0 = Release|Any CPU
		{F55A3C8D-390E-4821-87BC-1BF1EFDDA386}.Release|x86.ActiveCfg = Release|Any CPU
		{F55A3C8D-390E-4821-87BC-1BF1EFDDA386}.Release|x86.Build.0 = Release|Any CPU
		{4455FA12-80E3-4CF6-9D85-BC96DA57CD4F}.Debug|Any CPU.ActiveCfg = Debug|Any CPU
		{4455FA12-80E3-4CF6-9D85-BC96DA57CD4F}.Debug|Any CPU.Build.0 = Debug|Any CPU
		{4455FA12-80E3-4CF6-9D85-BC96DA57CD4F}.Debug|x64.ActiveCfg = Debug|Any CPU
		{4455FA12-80E3-4CF6-9D85-BC96DA57CD4F}.Debug|x64.Build.0 = Debug|Any CPU
		{4455FA12-80E3-4CF6-9D85-BC96DA57CD4F}.Debug|x86.ActiveCfg = Debug|Any CPU
		{4455FA12-80E3-4CF6-9D85-BC96DA57CD4F}.Debug|x86.Build.0 = Debug|Any CPU
		{4455FA12-80E3-4CF6-9D85-BC96DA57CD4F}.Release|Any CPU.ActiveCfg = Release|Any CPU
		{4455FA12-80E3-4CF6-9D85-BC96DA57CD4F}.Release|Any CPU.Build.0 = Release|Any CPU
		{4455FA12-80E3-4CF6-9D85-BC96DA57CD4F}.Release|x64.ActiveCfg = Release|Any CPU
		{4455FA12-80E3-4CF6-9D85-BC96DA57CD4F}.Release|x64.Build.0 = Release|Any CPU
		{4455FA12-80E3-4CF6-9D85-BC96DA57CD4F}.Release|x86.ActiveCfg = Release|Any CPU
		{4455FA12-80E3-4CF6-9D85-BC96DA57CD4F}.Release|x86.Build.0 = Release|Any CPU
		{E2AF1950-2CB5-4CA5-9567-4E6C3A6A3DB2}.Debug|Any CPU.ActiveCfg = Debug|x64
		{E2AF1950-2CB5-4CA5-9567-4E6C3A6A3DB2}.Debug|Any CPU.Build.0 = Debug|x64
		{E2AF1950-2CB5-4CA5-9567-4E6C3A6A3DB2}.Debug|x64.ActiveCfg = Debug|x64
		{E2AF1950-2CB5-4CA5-9567-4E6C3A6A3DB2}.Debug|x64.Build.0 = Debug|x64
		{E2AF1950-2CB5-4CA5-9567-4E6C3A6A3DB2}.Debug|x86.ActiveCfg = Debug|Win32
		{E2AF1950-2CB5-4CA5-9567-4E6C3A6A3DB2}.Debug|x86.Build.0 = Debug|Win32
		{E2AF1950-2CB5-4CA5-9567-4E6C3A6A3DB2}.Release|Any CPU.ActiveCfg = Release|x64
		{E2AF1950-2CB5-4CA5-9567-4E6C3A6A3DB2}.Release|Any CPU.Build.0 = Release|x64
		{E2AF1950-2CB5-4CA5-9567-4E6C3A6A3DB2}.Release|x64.ActiveCfg = Release|x64
		{E2AF1950-2CB5-4CA5-9567-4E6C3A6A3DB2}.Release|x64.Build.0 = Release|x64
		{E2AF1950-2CB5-4CA5-9567-4E6C3A6A3DB2}.Release|x86.ActiveCfg = Release|Win32
		{E2AF1950-2CB5-4CA5-9567-4E6C3A6A3DB2}.Release|x86.Build.0 = Release|Win32
		{BEA2B949-1BAB-4297-8CFE-3D6EC4F7C873}.Debug|Any CPU.ActiveCfg = Debug|x64
		{BEA2B949-1BAB-4297-8CFE-3D6EC4F7C873}.Debug|Any CPU.Build.0 = Debug|x64
		{BEA2B949-1BAB-4297-8CFE-3D6EC4F7C873}.Debug|x64.ActiveCfg = Debug|x64
		{BEA2B949-1BAB-4297-8CFE-3D6EC4F7C873}.Debug|x64.Build.0 = Debug|x64
		{BEA2B949-1BAB-4297-8CFE-3D6EC4F7C873}.Debug|x86.ActiveCfg = Debug|Win32
		{BEA2B949-1BAB-4297-8CFE-3D6EC4F7C873}.Debug|x86.Build.0 = Debug|Win32
		{BEA2B949-1BAB-4297-8CFE-3D6EC4F7C873}.Release|Any CPU.ActiveCfg = Release|x64
		{BEA2B949-1BAB-4297-8CFE-3D6EC4F7C873}.Release|Any CPU.Build.0 = Release|x64
		{BEA2B949-1BAB-4297-8CFE-3D6EC4F7C873}.Release|x64.ActiveCfg = Release|x64
		{BEA2B949-1BAB-4297-8CFE-3D6EC4F7C873}.Release|x64.Build.0 = Release|x64
		{BEA2B949-1BAB-4297-8CFE-3D6EC4F7C873}.Release|x86.ActiveCfg = Release|Win32
		{BEA2B949-1BAB-4297-8CFE-3D6EC4F7C873}.Release|x86.Build.0 = Release|Win32
		{9F6170B1-BB20-45BF-A101-E97EF00F5C6D}.Debug|Any CPU.ActiveCfg = Debug|x64
		{9F6170B1-BB20-45BF-A101-E97EF00F5C6D}.Debug|Any CPU.Build.0 = Debug|x64
		{9F6170B1-BB20-45BF-A101-E97EF00F5C6D}.Debug|x64.ActiveCfg = Debug|x64
		{9F6170B1-BB20-45BF-A101-E97EF00F5C6D}.Debug|x64.Build.0 = Debug|x64
		{9F6170B1-BB20-45BF-A101-E97EF00F5C6D}.Debug|x86.ActiveCfg = Debug|Win32
		{9F6170B1-BB20-45BF-A101-E97EF00F5C6D}.Debug|x86.Build.0 = Debug|Win32
		{9F6170B1-BB20-45BF-A101-E97EF00F5C6D}.Release|Any CPU.ActiveCfg = Release|x64
		{9F6170B1-BB20-45BF-A101-E97EF00F5C6D}.Release|Any CPU.Build.0 = Release|x64
		{9F6170B1-BB20-45BF-A101-E97EF00F5C6D}.Release|x64.ActiveCfg = Release|x64
		{9F6170B1-BB20-45BF-A101-E97EF00F5C6D}.Release|x64.Build.0 = Release|x64
		{9F6170B1-BB20-45BF-A101-E97EF00F5C6D}.Release|x86.ActiveCfg = Release|Win32
		{9F6170B1-BB20-45BF-A101-E97EF00F5C6D}.Release|x86.Build.0 = Release|Win32
		{A0B13BF4-D03A-448E-B3B0-A315519F6DAC}.Debug|Any CPU.ActiveCfg = Debug|x64
		{A0B13BF4-D03A-448E-B3B0-A315519F6DAC}.Debug|Any CPU.Build.0 = Debug|x64
		{A0B13BF4-D03A-448E-B3B0-A315519F6DAC}.Debug|x64.ActiveCfg = Debug|x64
		{A0B13BF4-D03A-448E-B3B0-A315519F6DAC}.Debug|x64.Build.0 = Debug|x64
		{A0B13BF4-D03A-448E-B3B0-A315519F6DAC}.Debug|x86.ActiveCfg = Debug|Win32
		{A0B13BF4-D03A-448E-B3B0-A315519F6DAC}.Debug|x86.Build.0 = Debug|Win32
		{A0B13BF4-D03A-448E-B3B0-A315519F6DAC}.Release|Any CPU.ActiveCfg = Release|x64
		{A0B13BF4-D03A-448E-B3B0-A315519F6DAC}.Release|Any CPU.Build.0 = Release|x64
		{A0B13BF4-D03A-448E-B3B0-A315519F6DAC}.Release|x64.ActiveCfg = Release|x64
		{A0B13BF4-D03A-448E-B3B0-A315519F6DAC}.Release|x64.Build.0 = Release|x64
		{A0B13BF4-D03A-448E-B3B0-A315519F6DAC}.Release|x86.ActiveCfg = Release|Win32
		{A0B13BF4-D03A-448E-B3B0-A315519F6DAC}.Release|x86.Build.0 = Release|Win32
		{1C6A5495-ED8A-42A1-B8CC-AFBC536A123F}.Debug|Any CPU.ActiveCfg = Debug|x64
		{1C6A5495-ED8A-42A1-B8CC-AFBC536A123F}.Debug|Any CPU.Build.0 = Debug|x64
		{1C6A5495-ED8A-42A1-B8CC-AFBC536A123F}.Debug|x64.ActiveCfg = Debug|x64
		{1C6A5495-ED8A-42A1-B8CC-AFBC536A123F}.Debug|x64.Build.0 = Debug|x64
		{1C6A5495-ED8A-42A1-B8CC-AFBC536A123F}.Debug|x86.ActiveCfg = Debug|Win32
		{1C6A5495-ED8A-42A1-B8CC-AFBC536A123F}.Debug|x86.Build.0 = Debug|Win32
		{1C6A5495-ED8A-42A1-B8CC-AFBC536A123F}.Release|Any CPU.ActiveCfg = Release|x64
		{1C6A5495-ED8A-42A1-B8CC-AFBC536A123F}.Release|Any CPU.Build.0 = Release|x64
		{1C6A5495-ED8A-42A1-B8CC-AFBC536A123F}.Release|x64.ActiveCfg = Release|x64
		{1C6A5495-ED8A-42A1-B8CC-AFBC536A123F}.Release|x64.Build.0 = Release|x64
		{1C6A5495-ED8A-42A1-B8CC-AFBC536A123F}.Release|x86.ActiveCfg = Release|Win32
		{1C6A5495-ED8A-42A1-B8CC-AFBC536A123F}.Release|x86.Build.0 = Release|Win32
		{2E56B89B-6B33-4CB2-8C73-614AE1C43734}.Debug|Any CPU.ActiveCfg = Debug|x64
		{2E56B89B-6B33-4CB2-8C73-614AE1C43734}.Debug|Any CPU.Build.0 = Debug|x64
		{2E56B89B-6B33-4CB2-8C73-614AE1C43734}.Debug|x64.ActiveCfg = Debug|x64
		{2E56B89B-6B33-4CB2-8C73-614AE1C43734}.Debug|x64.Build.0 = Debug|x64
		{2E56B89B-6B33-4CB2-8C73-614AE1C43734}.Debug|x86.ActiveCfg = Debug|Win32
		{2E56B89B-6B33-4CB2-8C73-614AE1C43734}.Debug|x86.Build.0 = Debug|Win32
		{2E56B89B-6B33-4CB2-8C73-614AE1C43734}.Release|Any CPU.ActiveCfg = Release|x64
		{2E56B89B-6B33-4CB2-8C73-614AE1C43734}.Release|Any CPU.Build.0 = Release|x64
		{2E56B89B-6B33-4CB2-8C73-614AE1C43734}.Release|x64.ActiveCfg = Release|x64
		{2E56B89B-6B33-4CB2-8C73-614AE1C43734}.Release|x64.Build.0 = Release|x64
		{2E56B89B-6B33-4CB2-8C73-614AE1C43734}.Release|x86.ActiveCfg = Release|Win32
		{2E56B89B-6B33-4CB2-8C73-614AE1C43734}.Release|x86.Build.0 = Release|Win32
		{DEDE8BAD-238B-4414-BC7D-D407503C2317}.Debug|Any CPU.ActiveCfg = Debug|x64
		{DEDE8BAD-238B-4414-BC7D-D407503C2317}.Debug|Any CPU.Build.0 = Debug|x64
		{DEDE8BAD-238B-4414-BC7D-D407503C2317}.Debug|x64.ActiveCfg = Debug|x64
		{DEDE8BAD-238B-4414-BC7D-D407503C2317}.Debug|x64.Build.0 = Debug|x64
		{DEDE8BAD-238B-4414-BC7D-D407503C2317}.Debug|x86.ActiveCfg = Debug|Win32
		{DEDE8BAD-238B-4414-BC7D-D407503C2317}.Debug|x86.Build.0 = Debug|Win32
		{DEDE8BAD-238B-4414-BC7D-D407503C2317}.Release|Any CPU.ActiveCfg = Release|x64
		{DEDE8BAD-238B-4414-BC7D-D407503C2317}.Release|Any CPU.Build.0 = Release|x64
		{DEDE8BAD-238B-4414-BC7D-D407503C2317}.Release|x64.ActiveCfg = Release|x64
		{DEDE8BAD-238B-4414-BC7D-D407503C2317}.Release|x64.Build.0 = Release|x64
		{DEDE8BAD-238B-4414-BC7D-D407503C2317}.Release|x86.ActiveCfg = Release|Win32
		{DEDE8BAD-238B-4414-BC7D-D407503C2317}.Release|x86.Build.0 = Release|Win32
	EndGlobalSection
	GlobalSection(SolutionProperties) = preSolution
		HideSolutionNode = FALSE
	EndGlobalSection
	GlobalSection(NestedProjects) = preSolution
		{DF199431-AC6E-480C-92B5-852B93D99129} = {D562A3BF-D3D0-482C-862A-0ED009211323}
		{AB029F0E-2D76-4C8D-9456-1A007FC7D77E} = {D562A3BF-D3D0-482C-862A-0ED009211323}
		{8E43445C-7295-4990-BD65-47A0853BDA42} = {D562A3BF-D3D0-482C-862A-0ED009211323}
		{4EAF600B-C19F-45E5-B199-94FA6F4D453C} = {D562A3BF-D3D0-482C-862A-0ED009211323}
		{C6CA1E05-E9F2-4B11-ACA6-66394E81FC33} = {EF07CB09-7762-4FBB-A680-06A029E8893E}
		{06751FB3-A79B-40D0-95EF-81EA8BAD0117} = {EF07CB09-7762-4FBB-A680-06A029E8893E}
		{CF45B471-DC1B-48D7-9988-BC0512885CAD} = {D562A3BF-D3D0-482C-862A-0ED009211323}
		{F08B27A3-9C6F-4804-BB62-D44CA7C29DEC} = {D562A3BF-D3D0-482C-862A-0ED009211323}
		{8E6EFAA0-0303-4DB2-82BF-2EC22FA1078E} = {D562A3BF-D3D0-482C-862A-0ED009211323}
		{F9B6F402-87E9-4601-B6BC-4A33C9C76FEC} = {D562A3BF-D3D0-482C-862A-0ED009211323}
		{557E627C-4CFB-43BA-BC8F-92406979D8F7} = {D562A3BF-D3D0-482C-862A-0ED009211323}
		{5678FC5F-3742-48DB-96D3-5AAD5FB866C8} = {D562A3BF-D3D0-482C-862A-0ED009211323}
		{80F249AA-1B30-4229-838B-636ECCAB8169} = {EF07CB09-7762-4FBB-A680-06A029E8893E}
		{C5D95149-07BF-4042-8F24-A97E0B4BC6CE} = {D562A3BF-D3D0-482C-862A-0ED009211323}
		{5ECF8C65-1055-42F6-8D49-C8E0D56A9FED} = {C04F1316-EBDD-4CB3-8E23-EFCB3DF659C8}
		{24372A1F-E4C0-4B2C-8305-1BAE075B0DDF} = {70782A57-15EB-4465-BB6C-168CD2F8E18A}
		{DE441BA4-6359-4696-BA41-195211881A06} = {70782A57-15EB-4465-BB6C-168CD2F8E18A}
		{CA6BED1E-40DA-4FE4-8F79-9125D4F3C916} = {16ABF966-0E6E-4039-9D2B-FE5393EBB946}
		{27CFD843-87BE-4C79-94B9-81F9DCB7298F} = {16ABF966-0E6E-4039-9D2B-FE5393EBB946}
		{A459985F-F63B-4BAC-BFCB-744DF6B1EB11} = {EF07CB09-7762-4FBB-A680-06A029E8893E}
		{996EE3A9-45D0-4429-A782-19A0D3A74854} = {D562A3BF-D3D0-482C-862A-0ED009211323}
		{5BC6B669-320F-473E-9768-2FB231737FD7} = {C04F1316-EBDD-4CB3-8E23-EFCB3DF659C8}
		{62565C20-DE50-4F8E-9D4A-388C3F8E7F91} = {C04F1316-EBDD-4CB3-8E23-EFCB3DF659C8}
		{241261C9-8425-4C54-B55C-F550EE4D0BAD} = {C04F1316-EBDD-4CB3-8E23-EFCB3DF659C8}
		{B2064AEE-61E2-4BA5-894C-DA6DBD7B3DC5} = {16ABF966-0E6E-4039-9D2B-FE5393EBB946}
		{8B5AD117-B443-46CF-84D0-3D17BB685842} = {D562A3BF-D3D0-482C-862A-0ED009211323}
		{2E79FFE2-9978-42E2-B635-8491C83A6C34} = {EF07CB09-7762-4FBB-A680-06A029E8893E}
		{F55A3C8D-390E-4821-87BC-1BF1EFDDA386} = {2E79FFE2-9978-42E2-B635-8491C83A6C34}
		{4455FA12-80E3-4CF6-9D85-BC96DA57CD4F} = {2E79FFE2-9978-42E2-B635-8491C83A6C34}
		{E2AF1950-2CB5-4CA5-9567-4E6C3A6A3DB2} = {D562A3BF-D3D0-482C-862A-0ED009211323}
		{BEA2B949-1BAB-4297-8CFE-3D6EC4F7C873} = {D562A3BF-D3D0-482C-862A-0ED009211323}
		{9F6170B1-BB20-45BF-A101-E97EF00F5C6D} = {70782A57-15EB-4465-BB6C-168CD2F8E18A}
		{A0B13BF4-D03A-448E-B3B0-A315519F6DAC} = {70782A57-15EB-4465-BB6C-168CD2F8E18A}
		{1C6A5495-ED8A-42A1-B8CC-AFBC536A123F} = {70782A57-15EB-4465-BB6C-168CD2F8E18A}
		{5F48DCA4-078C-4234-BA62-90D8017DC979} = {D562A3BF-D3D0-482C-862A-0ED009211323}
		{2E56B89B-6B33-4CB2-8C73-614AE1C43734} = {5F48DCA4-078C-4234-BA62-90D8017DC979}
		{DEDE8BAD-238B-4414-BC7D-D407503C2317} = {5F48DCA4-078C-4234-BA62-90D8017DC979}
	EndGlobalSection
	GlobalSection(ExtensibilityGlobals) = postSolution
		SolutionGuid = {CFD183B8-563F-43A1-B026-638BE742ADE9}
	EndGlobalSection
EndGlobal
